
Microsoft Visual Studio Solution File, Format Version 12.00
# Visual Studio Version 17
VisualStudioVersion = 17.13.35931.197 d17.13
MinimumVisualStudioVersion = 10.0.40219.1
Project("{FAE04EC0-301F-11D3-BF4B-00C04F79EFBC}") = "MoviesApi", "MoviesApi\MoviesApi.csproj", "{30702EBC-D588-4C63-8854-F7E6E98272E8}"
EndProject
Global
	GlobalSection(SolutionConfigurationPlatforms) = preSolution
		Debug|Any CPU = Debug|Any CPU
		Release|Any CPU = Release|Any CPU
	EndGlobalSection
	GlobalSection(ProjectConfigurationPlatforms) = postSolution
		{30702EBC-D588-4C63-8854-F7E6E98272E8}.Debug|Any CPU.ActiveCfg = Debug|Any CPU
		{30702EBC-D588-4C63-8854-F7E6E98272E8}.Debug|Any CPU.Build.0 = Debug|Any CPU
		{30702EBC-D588-4C63-8854-F7E6E98272E8}.Release|Any CPU.ActiveCfg = Release|Any CPU
		{30702EBC-D588-4C63-8854-F7E6E98272E8}.Release|Any CPU.Build.0 = Release|Any CPU
	EndGlobalSection
	GlobalSection(SolutionProperties) = preSolution
		HideSolutionNode = FALSE
	EndGlobalSection
	GlobalSection(ExtensibilityGlobals) = postSolution
		SolutionGuid = {17F1B0BC-5B1E-4BC9-B680-DE550B5B6854}
	EndGlobalSection
EndGlobal
